
Microsoft Visual Studio Solution File, Format Version 12.00
# Visual Studio 15
VisualStudioVersion = 15.0.27703.2035
MinimumVisualStudioVersion = 10.0.40219.1
Project("{FAE04EC0-301F-11D3-BF4B-00C04F79EFBC}") = "Opgave2_side16", "Opgave2_side16\Opgave2_side16.csproj", "{A8632B6A-D733-43F6-B81B-90D130F365FE}"
EndProject
Global
	GlobalSection(SolutionConfigurationPlatforms) = preSolution
		Debug|Any CPU = Debug|Any CPU
		Release|Any CPU = Release|Any CPU
	EndGlobalSection
	GlobalSection(ProjectConfigurationPlatforms) = postSolution
		{A8632B6A-D733-43F6-B81B-90D130F365FE}.Debug|Any CPU.ActiveCfg = Debug|Any CPU
		{A8632B6A-D733-43F6-B81B-90D130F365FE}.Debug|Any CPU.Build.0 = Debug|Any CPU
		{A8632B6A-D733-43F6-B81B-90D130F365FE}.Release|Any CPU.ActiveCfg = Release|Any CPU
		{A8632B6A-D733-43F6-B81B-90D130F365FE}.Release|Any CPU.Build.0 = Release|Any CPU
	EndGlobalSection
	GlobalSection(SolutionProperties) = preSolution
		HideSolutionNode = FALSE
	EndGlobalSection
	GlobalSection(ExtensibilityGlobals) = postSolution
		SolutionGuid = {E2E8F712-079A-44B1-8F21-E005826FC0F7}
	EndGlobalSection
EndGlobal
